
Microsoft Visual Studio Solution File, Format Version 12.00
# Visual Studio Version 17
VisualStudioVersion = 17.1.32228.430
MinimumVisualStudioVersion = 10.0.40219.1
Project("{FAE04EC0-301F-11D3-BF4B-00C04F79EFBC}") = "Core", "Core\Core.csproj", "{CED73C3D-449D-406B-A2E5-8AA75B9B8B38}"
EndProject
Global
	GlobalSection(SolutionConfigurationPlatforms) = preSolution
		Debug|Any CPU = Debug|Any CPU
		Release|Any CPU = Release|Any CPU
	EndGlobalSection
	GlobalSection(ProjectConfigurationPlatforms) = postSolution
		{CED73C3D-449D-406B-A2E5-8AA75B9B8B38}.Debug|Any CPU.ActiveCfg = Debug|Any CPU
		{CED73C3D-449D-406B-A2E5-8AA75B9B8B38}.Debug|Any CPU.Build.0 = Debug|Any CPU
		{CED73C3D-449D-406B-A2E5-8AA75B9B8B38}.Release|Any CPU.ActiveCfg = Release|Any CPU
		{CED73C3D-449D-406B-A2E5-8AA75B9B8B38}.Release|Any CPU.Build.0 = Release|Any CPU
	EndGlobalSection
	GlobalSection(SolutionProperties) = preSolution
		HideSolutionNode = FALSE
	EndGlobalSection
	GlobalSection(ExtensibilityGlobals) = postSolution
		SolutionGuid = {20BF76E0-7C67-4F42-9A00-08176D54A990}
	EndGlobalSection
EndGlobal
